PODS:
  - AFNetworking (3.1.0):
    - AFNetworking/NSURLSession (= 3.1.0)
    - AFNetworking/Reachability (= 3.1.0)
    - AFNetworking/Security (= 3.1.0)
    - AFNetworking/Serialization (= 3.1.0)
    - AFNetworking/UIKit (= 3.1.0)
  - AFNetworking/NSURLSession (3.1.0):
    - AFNetworking/Reachability
    - AFNetworking/Security
    - AFNetworking/Serialization
  - AFNetworking/Reachability (3.1.0)
  - AFNetworking/Security (3.1.0)
  - AFNetworking/Serialization (3.1.0)
  - AFNetworking/UIKit (3.1.0):
    - AFNetworking/NSURLSession
  - RegexKitLite (4.0)
  - TCNDataEncoding (0.0.5):
    - TCNDataEncoding/Core (= 0.0.5)
  - TCNDataEncoding/Base64 (0.0.5)
  - TCNDataEncoding/Compress (0.0.5)
  - TCNDataEncoding/Core (0.0.5):
    - TCNDataEncoding/Base64
    - TCNDataEncoding/Compress
    - TCNDataEncoding/JavaScriptString
    - TCNDataEncoding/RSA
    - TCNDataEncoding/UrlEncode
  - TCNDataEncoding/JavaScriptString (0.0.5)
  - TCNDataEncoding/RSA (0.0.5):
    - TCNDataEncoding/Base64
  - TCNDataEncoding/UrlEncode (0.0.5)
  - TCNDeviceInfo (0.0.04):
    - TCNDataEncoding (~> 0.0.2)
  - TCNRequest (0.3.08):
    - TCNRequest/Core (= 0.3.08)
  - TCNRequest/AutoDataCenetr (0.3.08):
    - AFNetworking (~> 3.1.0)
    - RegexKitLite (~> 4.0)
    - TCNDataEncoding (~> 0.0.5)
    - TCNDeviceInfo (>= 0.0.04)
  - TCNRequest/Core (0.3.08):
    - TCNRequest/AutoDataCenetr
    - TCNRequest/RequestSerialization
    - TCNRequest/ResponseSerialization
  - TCNRequest/RequestSerialization (0.3.08):
    - AFNetworking (~> 3.1.0)
    - TCNDataEncoding (~> 0.0.5)
    - TCNDeviceInfo (>= 0.0.04)
  - TCNRequest/ResponseSerialization (0.3.08):
    - AFNetworking (~> 3.1.0)

DEPENDENCIES:
  - TCNRequest (from `../`)

EXTERNAL SOURCES:
  TCNRequest:
    :path: "../"

SPEC CHECKSUMS:
  AFNetworking: 5e0e199f73d8626b11e79750991f5d173d1f8b67
  RegexKitLite: c0e4c12e6e7de0769f3a3ed679f0f61604170661
  TCNDataEncoding: '0189b63447acaf9e54e879f8ad51f9f67749e4f6'
  TCNDeviceInfo: ee07fec890e28a5f4c2ed979b1d2bb30499def18
  TCNRequest: 441b0eba0f9c5b283eb59ef6bb49d9e7024a45c7

PODFILE CHECKSUM: 57299da672c691840989fab3f37f91d1e803e236

COCOAPODS: 1.2.1
