PODS:
  - AFNetworking (3.1.0):
    - AFNetworking/NSURLSession (= 3.1.0)
    - AFNetworking/Reachability (= 3.1.0)
    - AFNetworking/Security (= 3.1.0)
    - AFNetworking/Serialization (= 3.1.0)
    - AFNetworking/UIKit (= 3.1.0)
  - AFNetworking/NSURLSession (3.1.0):
    - AFNetworking/Reachability
    - AFNetworking/Security
    - AFNetworking/Serialization
  - AFNetworking/Reachability (3.1.0)
  - AFNetworking/Security (3.1.0)
  - AFNetworking/Serialization (3.1.0)
  - AFNetworking/UIKit (3.1.0):
    - AFNetworking/NSURLSession
  - RegexKitLite (4.0)
  - TCNDataEncoding (0.0.5):
    - TCNDataEncoding/Core (= 0.0.5)
  - TCNDataEncoding/Base64 (0.0.5)
  - TCNDataEncoding/Compress (0.0.5)
  - TCNDataEncoding/Core (0.0.5):
    - TCNDataEncoding/Base64
    - TCNDataEncoding/Compress
    - TCNDataEncoding/JavaScriptString
    - TCNDataEncoding/RSA
    - TCNDataEncoding/UrlEncode
  - TCNDataEncoding/JavaScriptString (0.0.5)
  - TCNDataEncoding/RSA (0.0.5):
    - TCNDataEncoding/Base64
  - TCNDataEncoding/UrlEncode (0.0.5)
  - TCNDeviceInfo (0.0.03):
    - TCNDataEncoding (~> 0.0.2)
  - TCNRequest (0.3.03):
    - TCNRequest/Core (= 0.3.03)
  - TCNRequest/AutoDataCenetr (0.3.03):
    - AFNetworking (~> 3.1.0)
    - RegexKitLite (~> 4.0)
    - TCNDataEncoding (~> 0.0.5)
    - TCNDeviceInfo (~> 0.0.03)
  - TCNRequest/Core (0.3.03):
    - TCNRequest/AutoDataCenetr
    - TCNRequest/RequestSerialization
    - TCNRequest/ResponseSerialization
  - TCNRequest/RequestSerialization (0.3.03):
    - AFNetworking (~> 3.1.0)
    - TCNDataEncoding (~> 0.0.5)
    - TCNDeviceInfo (~> 0.0.03)
  - TCNRequest/ResponseSerialization (0.3.03):
    - AFNetworking (~> 3.1.0)

DEPENDENCIES:
  - TCNRequest (from `../`)

EXTERNAL SOURCES:
  TCNRequest:
    :path: "../"

SPEC CHECKSUMS:
  AFNetworking: 5e0e199f73d8626b11e79750991f5d173d1f8b67
  RegexKitLite: c0e4c12e6e7de0769f3a3ed679f0f61604170661
  TCNDataEncoding: ce0460a29ba464b4908e9e993b8cf4322fb24ba3
  TCNDeviceInfo: 1508619be470ab1d0ca7b855f393e91444ec36cb
  TCNRequest: ba488f65301eba9d92ea233ce3fd2807eb869c93

PODFILE CHECKSUM: e2255d52a355647dcbab54db2364a82aeae4924f

COCOAPODS: 1.2.1
